
Microsoft Visual Studio Solution File, Format Version 12.00
# Visual Studio Version 17
VisualStudioVersion = 17.10.34916.146
MinimumVisualStudioVersion = 10.0.40219.1
Project("{2150E333-8FDC-42A3-9474-1A3956D46DE8}") = "src", "src", "{C7665974-6A65-45E2-89C6-6D8E74949EFE}"
EndProject
Project("{2150E333-8FDC-42A3-9474-1A3956D46DE8}") = "tests", "tests", "{74B87FC9-AB90-40F0-8828-78CD742EE8E8}"
EndProject
Project("{9A19103F-16F7-4668-BE54-9A1E7A4F7556}") = "CashFlow.Api", "src\CashFlow.Api\CashFlow.Api.csproj", "{8156BA0A-B99B-4D0F-BEF2-9F875F97B153}"
EndProject
Project("{9A19103F-16F7-4668-BE54-9A1E7A4F7556}") = "CashFlow.Domain", "src\CashFlow.Domain\CashFlow.Domain.csproj", "{67E456F6-134B-4772-88D7-EA704D70670E}"
EndProject
Project("{9A19103F-16F7-4668-BE54-9A1E7A4F7556}") = "CashFlow.Application", "src\CashFlow.Application\CashFlow.Application.csproj", "{990565E4-A91E-4D33-AD50-3429D1554A96}"
EndProject
Project("{9A19103F-16F7-4668-BE54-9A1E7A4F7556}") = "CashFlow.Communication", "src\CashFlow.Communication\CashFlow.Communication.csproj", "{470D703E-2F5A-4EFC-8865-4C9A1AC150A9}"
EndProject
Project("{9A19103F-16F7-4668-BE54-9A1E7A4F7556}") = "CashFlow.Exception", "src\CashFlow.Exception\CashFlow.Exception.csproj", "{CBDAB061-6AC2-471B-8143-3C3CF5F6D7E1}"
EndProject
Project("{9A19103F-16F7-4668-BE54-9A1E7A4F7556}") = "CashFlow.Infrastructure", "src\CashFlow.Infrastructure\CashFlow.Infrastructure.csproj", "{8BD55322-9CBE-41B4-8E83-19EDAE578806}"
EndProject
Project("{9A19103F-16F7-4668-BE54-9A1E7A4F7556}") = "Validators.Tests", "tests\Validators.Tests\Validators.Tests.csproj", "{F01A8735-82BC-45E0-82C5-2036377335BF}"
EndProject
Project("{9A19103F-16F7-4668-BE54-9A1E7A4F7556}") = "CommonTestUtilities", "tests\CommonTestUtilities\CommonTestUtilities.csproj", "{1201315A-15CC-4F5D-B024-017E0BC8F37A}"
EndProject
Project("{FAE04EC0-301F-11D3-BF4B-00C04F79EFBC}") = "UseCases.Test", "tests\UseCases.Test\UseCases.Test.csproj", "{C09A042C-D99F-467B-8941-6C29C72C7F89}"
EndProject
Global
	GlobalSection(SolutionConfigurationPlatforms) = preSolution
		Debug|Any CPU = Debug|Any CPU
		Release|Any CPU = Release|Any CPU
	EndGlobalSection
	GlobalSection(ProjectConfigurationPlatforms) = postSolution
		{8156BA0A-B99B-4D0F-BEF2-9F875F97B153}.Debug|Any CPU.ActiveCfg = Debug|Any CPU
		{8156BA0A-B99B-4D0F-BEF2-9F875F97B153}.Debug|Any CPU.Build.0 = Debug|Any CPU
		{8156BA0A-B99B-4D0F-BEF2-9F875F97B153}.Release|Any CPU.ActiveCfg = Release|Any CPU
		{8156BA0A-B99B-4D0F-BEF2-9F875F97B153}.Release|Any CPU.Build.0 = Release|Any CPU
		{67E456F6-134B-4772-88D7-EA704D70670E}.Debug|Any CPU.ActiveCfg = Debug|Any CPU
		{67E456F6-134B-4772-88D7-EA704D70670E}.Debug|Any CPU.Build.0 = Debug|Any CPU
		{67E456F6-134B-4772-88D7-EA704D70670E}.Release|Any CPU.ActiveCfg = Release|Any CPU
		{67E456F6-134B-4772-88D7-EA704D70670E}.Release|Any CPU.Build.0 = Release|Any CPU
		{990565E4-A91E-4D33-AD50-3429D1554A96}.Debug|Any CPU.ActiveCfg = Debug|Any CPU
		{990565E4-A91E-4D33-AD50-3429D1554A96}.Debug|Any CPU.Build.0 = Debug|Any CPU
		{990565E4-A91E-4D33-AD50-3429D1554A96}.Release|Any CPU.ActiveCfg = Release|Any CPU
		{990565E4-A91E-4D33-AD50-3429D1554A96}.Release|Any CPU.Build.0 = Release|Any CPU
		{470D703E-2F5A-4EFC-8865-4C9A1AC150A9}.Debug|Any CPU.ActiveCfg = Debug|Any CPU
		{470D703E-2F5A-4EFC-8865-4C9A1AC150A9}.Debug|Any CPU.Build.0 = Debug|Any CPU
		{470D703E-2F5A-4EFC-8865-4C9A1AC150A9}.Release|Any CPU.ActiveCfg = Release|Any CPU
		{470D703E-2F5A-4EFC-8865-4C9A1AC150A9}.Release|Any CPU.Build.0 = Release|Any CPU
		{CBDAB061-6AC2-471B-8143-3C3CF5F6D7E1}.Debug|Any CPU.ActiveCfg = Debug|Any CPU
		{CBDAB061-6AC2-471B-8143-3C3CF5F6D7E1}.Debug|Any CPU.Build.0 = Debug|Any CPU
		{CBDAB061-6AC2-471B-8143-3C3CF5F6D7E1}.Release|Any CPU.ActiveCfg = Release|Any CPU
		{CBDAB061-6AC2-471B-8143-3C3CF5F6D7E1}.Release|Any CPU.Build.0 = Release|Any CPU
		{8BD55322-9CBE-41B4-8E83-19EDAE578806}.Debug|Any CPU.ActiveCfg = Debug|Any CPU
		{8BD55322-9CBE-41B4-8E83-19EDAE578806}.Debug|Any CPU.Build.0 = Debug|Any CPU
		{8BD55322-9CBE-41B4-8E83-19EDAE578806}.Release|Any CPU.ActiveCfg = Release|Any CPU
		{8BD55322-9CBE-41B4-8E83-19EDAE578806}.Release|Any CPU.Build.0 = Release|Any CPU
		{F01A8735-82BC-45E0-82C5-2036377335BF}.Debug|Any CPU.ActiveCfg = Debug|Any CPU
		{F01A8735-82BC-45E0-82C5-2036377335BF}.Debug|Any CPU.Build.0 = Debug|Any CPU
		{F01A8735-82BC-45E0-82C5-2036377335BF}.Release|Any CPU.ActiveCfg = Release|Any CPU
		{F01A8735-82BC-45E0-82C5-2036377335BF}.Release|Any CPU.Build.0 = Release|Any CPU
		{1201315A-15CC-4F5D-B024-017E0BC8F37A}.Debug|Any CPU.ActiveCfg = Debug|Any CPU
		{1201315A-15CC-4F5D-B024-017E0BC8F37A}.Debug|Any CPU.Build.0 = Debug|Any CPU
		{1201315A-15CC-4F5D-B024-017E0BC8F37A}.Release|Any CPU.ActiveCfg = Release|Any CPU
		{1201315A-15CC-4F5D-B024-017E0BC8F37A}.Release|Any CPU.Build.0 = Release|Any CPU
		{C09A042C-D99F-467B-8941-6C29C72C7F89}.Debug|Any CPU.ActiveCfg = Debug|Any CPU
		{C09A042C-D99F-467B-8941-6C29C72C7F89}.Debug|Any CPU.Build.0 = Debug|Any CPU
		{C09A042C-D99F-467B-8941-6C29C72C7F89}.Release|Any CPU.ActiveCfg = Release|Any CPU
		{C09A042C-D99F-467B-8941-6C29C72C7F89}.Release|Any CPU.Build.0 = Release|Any CPU
	EndGlobalSection
	GlobalSection(SolutionProperties) = preSolution
		HideSolutionNode = FALSE
	EndGlobalSection
	GlobalSection(NestedProjects) = preSolution
		{8156BA0A-B99B-4D0F-BEF2-9F875F97B153} = {C7665974-6A65-45E2-89C6-6D8E74949EFE}
		{67E456F6-134B-4772-88D7-EA704D70670E} = {C7665974-6A65-45E2-89C6-6D8E74949EFE}
		{990565E4-A91E-4D33-AD50-3429D1554A96} = {C7665974-6A65-45E2-89C6-6D8E74949EFE}
		{470D703E-2F5A-4EFC-8865-4C9A1AC150A9} = {C7665974-6A65-45E2-89C6-6D8E74949EFE}
		{CBDAB061-6AC2-471B-8143-3C3CF5F6D7E1} = {C7665974-6A65-45E2-89C6-6D8E74949EFE}
		{8BD55322-9CBE-41B4-8E83-19EDAE578806} = {C7665974-6A65-45E2-89C6-6D8E74949EFE}
		{F01A8735-82BC-45E0-82C5-2036377335BF} = {74B87FC9-AB90-40F0-8828-78CD742EE8E8}
		{1201315A-15CC-4F5D-B024-017E0BC8F37A} = {74B87FC9-AB90-40F0-8828-78CD742EE8E8}
		{C09A042C-D99F-467B-8941-6C29C72C7F89} = {74B87FC9-AB90-40F0-8828-78CD742EE8E8}
	EndGlobalSection
	GlobalSection(ExtensibilityGlobals) = postSolution
		SolutionGuid = {1473A8B7-6533-4BEE-AB20-BD20468E8511}
	EndGlobalSection
EndGlobal
